{
    "_meta": {
        "hash": {
            "sha256": "62643d8db678556a7e3661c29b91d5969625c79ba239179515e13a906b5c0f84"
        },
        "pipfile-spec": 6,
        "requires": {
            "python_version": "3.6"
        },
        "sources": [
            {
                "name": "pypi",
                "url": "https://pypi.org/simple",
                "verify_ssl": true
            }
        ]
    },
    "default": {
        "attrs": {
            "hashes": [
                "sha256:149e90d6d8ac20db7a955ad60cf0e6881a3f20d37096140088356da6c716b0b1",
                "sha256:ef6aaac3ca6cd92904cdd0d83f629a15f18053ec84e6432106f7a4d04ae4f5fb"
            ],
            "markers": "python_version >= '2.7' and python_version not in '3.0, 3.1, 3.2, 3.3, 3.4'",
            "version": "==21.2.0"
        },
        "boto3": {
            "hashes": [
                "sha256:542336dda9a728c250cf24aea6d87454136d9d6f3d8a84ec5a737a7edba3b932",
                "sha256:9bf2a281a6df9f8948d3d322d532d03a1039f57a049a1aa2b72b4a28c9627013"
            ],
            "markers": "python_version >= '3.6'",
            "version": "==1.18.30"
        },
        "botocore": {
            "hashes": [
                "sha256:26ab09126dd05c968fbbcb894a1d623355e6119ff6d4a2bf5d292e3ad7cdd628",
                "sha256:9b0b3dbc144178e2b803097abcc95712a03b8dde5a02e4335ac870bc6c129dd9"
            ],
            "markers": "python_version >= '3.6'",
            "version": "==1.21.30"
        },
        "cachecontrol": {
            "hashes": [
                "sha256:10d056fa27f8563a271b345207402a6dcce8efab7e5b377e270329c62471b10d",
                "sha256:be9aa45477a134aee56c8fac518627e1154df063e85f67d4f83ce0ccc23688e8"
            ],
            "markers": "python_version >= '2.7' and python_version not in '3.0, 3.1, 3.2, 3.3'",
            "version": "==0.12.6"
        },
        "certifi": {
            "hashes": [
                "sha256:2bbf76fd432960138b3ef6dda3dde0544f27cbf8546c458e60baf371917ba9ee",
                "sha256:50b1e4f8446b06f41be7dd6338db18e0990601dce795c2b1686458aa7e8fa7d8"
            ],
            "version": "==2021.5.30"
        },
        "charset-normalizer": {
            "hashes": [
                "sha256:0c8911edd15d19223366a194a513099a302055a962bca2cec0f54b8b63175d8b",
                "sha256:f23667ebe1084be45f6ae0538e4a5a865206544097e4e8bbcacf42cd02a348f3"
            ],
            "markers": "python_version >= '3'",
            "version": "==2.0.4"
        },
        "click": {
            "hashes": [
                "sha256:8c04c11192119b1ef78ea049e0a6f0463e4c48ef00a30160c704337586f3ad7a",
                "sha256:fba402a4a47334742d782209a7c79bc448911afe1149d07bdabdf480b3e2f4b6"
            ],
            "markers": "python_version >= '3.6'",
            "version": "==8.0.1"
        },
        "click-plugins": {
            "hashes": [
                "sha256:46ab999744a9d831159c3411bb0c79346d94a444df9a3a3742e9ed63645f264b",
                "sha256:5d262006d3222f5057fd81e1623d4443e41dcda5dc815c06b442aa3c02889fc8"
            ],
            "version": "==1.1.1"
        },
        "cligj": {
            "hashes": [
                "sha256:a4bc13d623356b373c2c27c53dbd9c68cae5d526270bfa71f6c6fa69669c6b27",
                "sha256:c1ca117dbce1fe20a5809dc96f01e1c2840f6dcc939b3ddbb1111bf330ba82df"
            ],
            "markers": "python_version >= '2.7' and python_version not in '3.0, 3.1, 3.2, 3.3' and python_version < '4'",
            "version": "==0.7.2"
        },
        "fiona": {
            "hashes": [
                "sha256:02880556540e36ad6aac97687799d9b3093c354787a47bc0e73026c7fc15f1b3",
                "sha256:03f910380dbe684730b59b817aa030e6e9a3ee79211b66c6db2d1c8fe6ea12de",
                "sha256:328340a448bed5c43d119f61f760368a04d13a302c59d2fccb051a3ff021f4b8",
                "sha256:3f668c471fa2f8c9c0a9ca83639cb2c8dcc93edc3d93d43dba2f9e8da38ad53e",
                "sha256:54f81039e913d0f88728ef23edf5a69038dec94dea54f4c799f972ba8e2a7d40",
                "sha256:5e1cef608c6de9039eaa65b395024096e3189ab0559a5a328c68c4690c3302ce",
                "sha256:a70502d2857b82f749c09cb0dea3726787747933a2a1599b5ab787d74e3c143b",
                "sha256:bef100ebd82afb9a4d67096216e82611b82ca9341330e4805832d7ff8c9bc1f7",
                "sha256:e72e4a5b84ec410be531d4fe4c1a5c87c6c0e92d01116c145c0f1b33f81c8080"
            ],
            "version": "==1.8.20"
        },
        "geopandas": {
            "hashes": [
                "sha256:63972ab4dc44c4029f340600dcb83264eb8132dd22b104da0b654bef7f42630a",
                "sha256:79f6e557ba0dba76eec44f8351b1c6b42a17c38f5f08fef347e98fe4dae563c7"
            ],
            "index": "pypi",
            "version": "==0.9.0"
        },
        "idna": {
            "hashes": [
                "sha256:14475042e284991034cb48e06f6851428fb14c4dc953acd9be9a5e95c7b6dd7a",
                "sha256:467fbad99067910785144ce333826c71fb0e63a425657295239737f7ecd125f3"
            ],
            "markers": "python_version >= '3'",
            "version": "==3.2"
        },
        "importlib-metadata": {
            "hashes": [
                "sha256:9e04bf59076a15a9b6dd9c27806e8fcdf15280ba529c6a8cc3f4d5b4875bdd61",
                "sha256:c4eb3dec5f697682e383a39701a7de11cd5c02daf8dd93534b69e3e6473f6b1b"
            ],
            "markers": "python_version < '3.8'",
            "version": "==4.7.1"
        },
        "iso3166": {
            "hashes": [
                "sha256:b07208703bd881a4f974e39fa013c4498dddd64913ada15f24be75d02ae68a44",
                "sha256:b1e58dbcf50fbb2c9c418ec7a6057f0cdb30b8f822ac852f72e71ba769dae8c5"
            ],
            "version": "==1.0.1"
        },
        "jmespath": {
            "hashes": [
                "sha256:b85d0567b8666149a93172712e68920734333c0ce7e89b78b3e987f71e5ed4f9",
                "sha256:cdf6525904cc597730141d61b36f2e4b8ecc257c420fa2f4549bac2c2d0cb72f"
            ],
            "markers": "python_version >= '2.6' and python_version not in '3.0, 3.1, 3.2, 3.3'",
            "version": "==0.10.0"
        },
        "mapbox": {
            "hashes": [
                "sha256:3e9a098524a6b855f39fd5e773fb21526ef9660291f12b147e98fd44c7573e0b",
                "sha256:ad40585f1745a1a60e9ea1c0dbe6cd969751b92e38926c93324d812356f68cb5"
            ],
            "index": "pypi",
            "version": "==0.18.0"
        },
        "marshmallow": {
            "hashes": [
                "sha256:c67929438fd73a2be92128caa0325b1b5ed8b626d91a094d2f7f2771bf1f1c0e",
                "sha256:dd4724335d3c2b870b641ffe4a2f8728a1380cd2e7e2312756715ffeaa82b842"
            ],
            "index": "pypi",
            "version": "==3.13.0"
        },
        "msgpack": {
            "hashes": [
                "sha256:0cb94ee48675a45d3b86e61d13c1e6f1696f0183f0715544976356ff86f741d9",
                "sha256:1026dcc10537d27dd2d26c327e552f05ce148977e9d7b9f1718748281b38c841",
                "sha256:26a1759f1a88df5f1d0b393eb582ec022326994e311ba9c5818adc5374736439",
                "sha256:2a5866bdc88d77f6e1370f82f2371c9bc6fc92fe898fa2dec0c5d4f5435a2694",
                "sha256:31c17bbf2ae5e29e48d794c693b7ca7a0c73bd4280976d408c53df421e838d2a",
                "sha256:497d2c12426adcd27ab83144057a705efb6acc7e85957a51d43cdcf7f258900f",
                "sha256:5a9ee2540c78659a1dd0b110f73773533ee3108d4e1219b5a15a8d635b7aca0e",
                "sha256:8521e5be9e3b93d4d5e07cb80b7e32353264d143c1f072309e1863174c6aadb1",
                "sha256:87869ba567fe371c4555d2e11e4948778ab6b59d6cc9d8460d543e4cfbbddd1c",
                "sha256:8ffb24a3b7518e843cd83538cf859e026d24ec41ac5721c18ed0c55101f9775b",
                "sha256:92be4b12de4806d3c36810b0fe2aeedd8d493db39e2eb90742b9c09299eb5759",
                "sha256:9ea52fff0473f9f3000987f313310208c879493491ef3ccf66268eff8d5a0326",
                "sha256:a4355d2193106c7aa77c98fc955252a737d8550320ecdb2e9ac701e15e2943bc",
                "sha256:a99b144475230982aee16b3d249170f1cccebf27fb0a08e9f603b69637a62192",
                "sha256:ac25f3e0513f6673e8b405c3a80500eb7be1cf8f57584be524c4fa78fe8e0c83",
                "sha256:b28c0876cce1466d7c2195d7658cf50e4730667196e2f1355c4209444717ee06",
                "sha256:b55f7db883530b74c857e50e149126b91bb75d35c08b28db12dcb0346f15e46e",
                "sha256:b6d9e2dae081aa35c44af9c4298de4ee72991305503442a5c74656d82b581fe9",
                "sha256:c747c0cc08bd6d72a586310bda6ea72eeb28e7505990f342552315b229a19b33",
                "sha256:d6c64601af8f3893d17ec233237030e3110f11b8a962cb66720bf70c0141aa54",
                "sha256:d8167b84af26654c1124857d71650404336f4eb5cc06900667a493fc619ddd9f",
                "sha256:de6bd7990a2c2dabe926b7e62a92886ccbf809425c347ae7de277067f97c2887",
                "sha256:e36a812ef4705a291cdb4a2fd352f013134f26c6ff63477f20235138d1d21009",
                "sha256:e89ec55871ed5473a041c0495b7b4e6099f6263438e0bd04ccd8418f92d5d7f2",
                "sha256:f3e6aaf217ac1c7ce1563cf52a2f4f5d5b1f64e8729d794165db71da57257f0c",
                "sha256:f484cd2dca68502de3704f056fa9b318c94b1539ed17a4c784266df5d6978c87",
                "sha256:fae04496f5bc150eefad4e9571d1a76c55d021325dcd484ce45065ebbdd00984",
                "sha256:fe07bc6735d08e492a327f496b7850e98cb4d112c56df69b0c844dbebcbb47f6"
            ],
            "version": "==1.0.2"
        },
        "munch": {
            "hashes": [
                "sha256:8fdb6c5cb8ea62611424ed71b4aa896851c6c53952872cbb7d6767dc34119e89",
                "sha256:b15f80b3ca99b9af0048215f9c81e718fdc6b2accecbcff573d12cddc90fd8c3"
            ],
            "version": "==2.5.1.dev12"
        },
        "numpy": {
            "hashes": [
                "sha256:012426a41bc9ab63bb158635aecccc7610e3eff5d31d1eb43bc099debc979d94",
                "sha256:06fab248a088e439402141ea04f0fffb203723148f6ee791e9c75b3e9e82f080",
                "sha256:0eef32ca3132a48e43f6a0f5a82cb508f22ce5a3d6f67a8329c81c8e226d3f6e",
                "sha256:1ded4fce9cfaaf24e7a0ab51b7a87be9038ea1ace7f34b841fe3b6894c721d1c",
                "sha256:2e55195bc1c6b705bfd8ad6f288b38b11b1af32f3c8289d6c50d47f950c12e76",
                "sha256:2ea52bd92ab9f768cc64a4c3ef8f4b2580a17af0a5436f6126b08efbd1838371",
                "sha256:36674959eed6957e61f11c912f71e78857a8d0604171dfd9ce9ad5cbf41c511c",
                "sha256:384ec0463d1c2671170901994aeb6dce126de0a95ccc3976c43b0038a37329c2",
                "sha256:39b70c19ec771805081578cc936bbe95336798b7edf4732ed102e7a43ec5c07a",
                "sha256:400580cbd3cff6ffa6293df2278c75aef2d58d8d93d3c5614cd67981dae68ceb",
                "sha256:43d4c81d5ffdff6bae58d66a3cd7f54a7acd9a0e7b18d97abb255defc09e3140",
                "sha256:50a4a0ad0111cc1b71fa32dedd05fa239f7fb5a43a40663269bb5dc7877cfd28",
                "sha256:603aa0706be710eea8884af807b1b3bc9fb2e49b9f4da439e76000f3b3c6ff0f",
                "sha256:6149a185cece5ee78d1d196938b2a8f9d09f5a5ebfbba66969302a778d5ddd1d",
                "sha256:759e4095edc3c1b3ac031f34d9459fa781777a93ccc633a472a5468587a190ff",
                "sha256:7fb43004bce0ca31d8f13a6eb5e943fa73371381e53f7074ed21a4cb786c32f8",
                "sha256:811daee36a58dc79cf3d8bdd4a490e4277d0e4b7d103a001a4e73ddb48e7e6aa",
                "sha256:8b5e972b43c8fc27d56550b4120fe6257fdc15f9301914380b27f74856299fea",
                "sha256:99abf4f353c3d1a0c7a5f27699482c987cf663b1eac20db59b8c7b061eabd7fc",
                "sha256:a0d53e51a6cb6f0d9082decb7a4cb6dfb33055308c4c44f53103c073f649af73",
                "sha256:a12ff4c8ddfee61f90a1633a4c4afd3f7bcb32b11c52026c92a12e1325922d0d",
                "sha256:a4646724fba402aa7504cd48b4b50e783296b5e10a524c7a6da62e4a8ac9698d",
                "sha256:a76f502430dd98d7546e1ea2250a7360c065a5fdea52b2dffe8ae7180909b6f4",
                "sha256:a9d17f2be3b427fbb2bce61e596cf555d6f8a56c222bd2ca148baeeb5e5c783c",
                "sha256:ab83f24d5c52d60dbc8cd0528759532736b56db58adaa7b5f1f76ad551416a1e",
                "sha256:aeb9ed923be74e659984e321f609b9ba54a48354bfd168d21a2b072ed1e833ea",
                "sha256:c843b3f50d1ab7361ca4f0b3639bf691569493a56808a0b0c54a051d260b7dbd",
                "sha256:cae865b1cae1ec2663d8ea56ef6ff185bad091a5e33ebbadd98de2cfa3fa668f",
                "sha256:cc6bd4fd593cb261332568485e20a0712883cf631f6f5e8e86a52caa8b2b50ff",
                "sha256:cf2402002d3d9f91c8b01e66fbb436a4ed01c6498fffed0e4c7566da1d40ee1e",
                "sha256:d051ec1c64b85ecc69531e1137bb9751c6830772ee5c1c426dbcfe98ef5788d7",
                "sha256:d6631f2e867676b13026e2846180e2c13c1e11289d67da08d71cacb2cd93d4aa",
                "sha256:dbd18bcf4889b720ba13a27ec2f2aac1981bd41203b3a3b27ba7a33f88ae4827",
                "sha256:df609c82f18c5b9f6cb97271f03315ff0dbe481a2a02e56aeb1b1a985ce38e60"
            ],
            "markers": "python_version >= '3.6'",
            "version": "==1.19.5"
        },
        "pandas": {
            "hashes": [
                "sha256:0a643bae4283a37732ddfcecab3f62dd082996021b980f580903f4e8e01b3c5b",
                "sha256:0de3ddb414d30798cbf56e642d82cac30a80223ad6fe484d66c0ce01a84d6f2f",
                "sha256:19a2148a1d02791352e9fa637899a78e371a3516ac6da5c4edc718f60cbae648",
                "sha256:21b5a2b033380adbdd36b3116faaf9a4663e375325831dac1b519a44f9e439bb",
                "sha256:24c7f8d4aee71bfa6401faeba367dd654f696a77151a8a28bc2013f7ced4af98",
                "sha256:26fa92d3ac743a149a31b21d6f4337b0594b6302ea5575b37af9ca9611e8981a",
                "sha256:2860a97cbb25444ffc0088b457da0a79dc79f9c601238a3e0644312fcc14bf11",
                "sha256:2b1c6cd28a0dfda75c7b5957363333f01d370936e4c6276b7b8e696dd500582a",
                "sha256:2c2f7c670ea4e60318e4b7e474d56447cf0c7d83b3c2a5405a0dbb2600b9c48e",
                "sha256:3be7a7a0ca71a2640e81d9276f526bca63505850add10206d0da2e8a0a325dae",
                "sha256:4c62e94d5d49db116bef1bd5c2486723a292d79409fc9abd51adf9e05329101d",
                "sha256:5008374ebb990dad9ed48b0f5d0038124c73748f5384cc8c46904dace27082d9",
                "sha256:5447ea7af4005b0daf695a316a423b96374c9c73ffbd4533209c5ddc369e644b",
                "sha256:573fba5b05bf2c69271a32e52399c8de599e4a15ab7cec47d3b9c904125ab788",
                "sha256:5a780260afc88268a9d3ac3511d8f494fdcf637eece62fb9eb656a63d53eb7ca",
                "sha256:70865f96bb38fec46f7ebd66d4b5cfd0aa6b842073f298d621385ae3898d28b5",
                "sha256:731568be71fba1e13cae212c362f3d2ca8932e83cb1b85e3f1b4dd77d019254a",
                "sha256:b61080750d19a0122469ab59b087380721d6b72a4e7d962e4d7e63e0c4504814",
                "sha256:bf23a3b54d128b50f4f9d4675b3c1857a688cc6731a32f931837d72effb2698d",
                "sha256:c16d59c15d946111d2716856dd5479221c9e4f2f5c7bc2d617f39d870031e086",
                "sha256:c61c043aafb69329d0f961b19faa30b1dab709dd34c9388143fc55680059e55a",
                "sha256:c94ff2780a1fd89f190390130d6d36173ca59fcfb3fe0ff596f9a56518191ccb",
                "sha256:edda9bacc3843dfbeebaf7a701763e68e741b08fccb889c003b0a52f0ee95782",
                "sha256:f10fc41ee3c75a474d3bdf68d396f10782d013d7f67db99c0efbfd0acb99701b"
            ],
            "markers": "python_full_version >= '3.6.1'",
            "version": "==1.1.5"
        },
        "polyline": {
            "hashes": [
                "sha256:6559a0d5d37f4d14255744b3c6a648d5ff480d3d5c5f30186effc72a4142fd6c",
                "sha256:7c7f89d09a09c7b6161bdbfb4fd304b186fc7a2060fa4f31cb3f61c646a5c074"
            ],
            "version": "==1.4.0"
        },
        "pyproj": {
            "hashes": [
                "sha256:09bead60769e69b592e8cb3ac51b5215f75e9bb9c213ce575031961deb48d6da",
                "sha256:09db64a8088b23f001e574d92bcc3080bf7de44ddca152d0282a2b50c918a64a",
                "sha256:1be7d54900eb7e2d1e637319080b3a047c70d1fb2f3c12d3400c0fa8a90cf440",
                "sha256:36ba436675f9dea4ab3db7d9a32d3ff11c2fbb4d6690a83454d2f3c5c0b54041",
                "sha256:3e7e851e6d58c16ac2cd920a1bacb7fbb24758a6fcd7f234d594a88ebae04ec9",
                "sha256:489a96da87d8846c34c90da90e637544e4f4f50a13589b5aac54297f5ee1b01d",
                "sha256:4a333f3e46fe8b2eb4647a3daa3a2cec52ddc6c107c653b45880526114942ee8",
                "sha256:708d6e01b9ff3d6dc62a5ad2d2ba1264a863eaa657c1a9bf713a10cc35d34553",
                "sha256:7ae8e7052f18fde1884574da449010e94fa205ad27aeeaa34a097f49a1ed6a2b",
                "sha256:7bfaa34e8bb0510d4380310374deecd9e4328b9cf556925cfb45b5a94d5bbdbe",
                "sha256:81c06df20d09d621e52791c19ce3c880695fb430061e59c2472fa5467e890391",
                "sha256:86ef2fcd584a3222bf73e2befc24b2badd139b3371f4a1e88649978ef7649540",
                "sha256:9666d01faf4e758ac68f2c16695c90de49c3170e3760988bf76a34aae11f4e15",
                "sha256:9b845510255f9580d7e226dd3321a51c468cefb7be24e46415caf67caa4287c4",
                "sha256:9e2ef75401f17062166d3fe53c555cd62c9577697a2f5ded916b23c54e5db497",
                "sha256:a3805e026a5547be205a5e322c08e3069f0a48c63bbd53dbc7a8e3499bc66d58",
                "sha256:a3a8ab19232bf4f4bb2590536538881b7bd0c07df23e0c2a792402ca2476c197",
                "sha256:aa0a2981b25145523ca17a643c5be077fe13e514fdca9b6d1c412a95d723a5a5",
                "sha256:bc70b6adcfa713d89bc561673cb57af5fb3a1718cd7d57ec537430cd1007a864",
                "sha256:bfbac35490dd17f706700673506eeb8170f8a2a63fb5878171d4e6eef242d141",
                "sha256:c658afc8a6115b58b02aa53d27bf2a67c1b00b55067edb1b7711c6c7391cfaa9",
                "sha256:cba99e171d744969e13a865ad28fa9c949c4400b0e9c431a802cdd804f52f632",
                "sha256:d27d40ec541ef69a5107bfcd85f40170e9e122ceb6315ce508cd44d199983d41",
                "sha256:f942a976ea3de6a519cf48be30a12f465e44d0ac0c38a0d820ab3acfcc0a48a6",
                "sha256:fee7517bd389a1db7b8bebb18838d04dedca9eaacda01d353d98f5ee421f263e"
            ],
            "markers": "python_version >= '3.6'",
            "version": "==3.0.1"
        },
        "python-dateutil": {
            "hashes": [
                "sha256:0123cacc1627ae19ddf3c27a5de5bd67ee4586fbdd6440d9748f8abb483d3e86",
                "sha256:961d03dc3453ebbc59dbdea9e4e11c5651520a876d0f4db161e8674aae935da9"
            ],
            "markers": "python_version >= '2.7' and python_version not in '3.0, 3.1, 3.2, 3.3'",
            "version": "==2.8.2"
        },
        "pytz": {
            "hashes": [
                "sha256:83a4a90894bf38e243cf052c8b58f381bfe9a7a483f6a9cab140bc7f702ac4da",
                "sha256:eb10ce3e7736052ed3623d49975ce333bcd712c7bb19a58b9e2089d4057d0798"
            ],
            "version": "==2021.1"
        },
        "pyyaml": {
            "hashes": [
                "sha256:08682f6b72c722394747bddaf0aa62277e02557c0fd1c42cb853016a38f8dedf",
                "sha256:0f5f5786c0e09baddcd8b4b45f20a7b5d61a7e7e99846e3c799b05c7c53fa696",
                "sha256:129def1b7c1bf22faffd67b8f3724645203b79d8f4cc81f674654d9902cb4393",
                "sha256:294db365efa064d00b8d1ef65d8ea2c3426ac366c0c4368d930bf1c5fb497f77",
                "sha256:3b2b1824fe7112845700f815ff6a489360226a5609b96ec2190a45e62a9fc922",
                "sha256:3bd0e463264cf257d1ffd2e40223b197271046d09dadf73a0fe82b9c1fc385a5",
                "sha256:4465124ef1b18d9ace298060f4eccc64b0850899ac4ac53294547536533800c8",
                "sha256:49d4cdd9065b9b6e206d0595fee27a96b5dd22618e7520c33204a4a3239d5b10",
                "sha256:4e0583d24c881e14342eaf4ec5fbc97f934b999a6828693a99157fde912540cc",
                "sha256:5accb17103e43963b80e6f837831f38d314a0495500067cb25afab2e8d7a4018",
                "sha256:607774cbba28732bfa802b54baa7484215f530991055bb562efbed5b2f20a45e",
                "sha256:6c78645d400265a062508ae399b60b8c167bf003db364ecb26dcab2bda048253",
                "sha256:72a01f726a9c7851ca9bfad6fd09ca4e090a023c00945ea05ba1638c09dc3347",
                "sha256:74c1485f7707cf707a7aef42ef6322b8f97921bd89be2ab6317fd782c2d53183",
                "sha256:895f61ef02e8fed38159bb70f7e100e00f471eae2bc838cd0f4ebb21e28f8541",
                "sha256:8c1be557ee92a20f184922c7b6424e8ab6691788e6d86137c5d93c1a6ec1b8fb",
                "sha256:bb4191dfc9306777bc594117aee052446b3fa88737cd13b7188d0e7aa8162185",
                "sha256:bfb51918d4ff3d77c1c856a9699f8492c612cde32fd3bcd344af9be34999bfdc",
                "sha256:c20cfa2d49991c8b4147af39859b167664f2ad4561704ee74c1de03318e898db",
                "sha256:cb333c16912324fd5f769fff6bc5de372e9e7a202247b48870bc251ed40239aa",
                "sha256:d2d9808ea7b4af864f35ea216be506ecec180628aced0704e34aca0b040ffe46",
                "sha256:d483ad4e639292c90170eb6f7783ad19490e7a8defb3e46f97dfe4bacae89122",
                "sha256:dd5de0646207f053eb0d6c74ae45ba98c3395a571a2891858e87df7c9b9bd51b",
                "sha256:e1d4970ea66be07ae37a3c2e48b5ec63f7ba6804bdddfdbd3cfd954d25a82e63",
                "sha256:e4fac90784481d221a8e4b1162afa7c47ed953be40d31ab4629ae917510051df",
                "sha256:fa5ae20527d8e831e8230cbffd9f8fe952815b2b7dae6ffec25318803a7528fc",
                "sha256:fd7f6999a8070df521b6384004ef42833b9bd62cfee11a09bda1079b4b704247",
                "sha256:fdc842473cd33f45ff6bce46aea678a54e3d21f1b61a7750ce3c498eedfe25d6",
                "sha256:fe69978f3f768926cfa37b867e3843918e012cf83f680806599ddce33c2c68b0"
            ],
            "index": "pypi",
            "version": "==5.4.1"
        },
        "requests": {
            "hashes": [
                "sha256:6c1246513ecd5ecd4528a0906f910e8f0f9c6b8ec72030dc9fd154dc1a6efd24",
                "sha256:b8aa58f8cf793ffd8782d3d8cb19e66ef36f7aba4353eec859e74678b01b07a7"
            ],
            "markers": "python_version >= '2.7' and python_version not in '3.0, 3.1, 3.2, 3.3, 3.4, 3.5'",
            "version": "==2.26.0"
        },
        "s3transfer": {
            "hashes": [
                "sha256:50ed823e1dc5868ad40c8dc92072f757aa0e653a192845c94a3b676f4a62da4c",
                "sha256:9c1dc369814391a6bda20ebbf4b70a0f34630592c9aa520856bf384916af2803"
            ],
            "markers": "python_version >= '3.6'",
            "version": "==0.5.0"
        },
        "shapely": {
            "hashes": [
                "sha256:066e74afb717c1d1da141ce554c508a5ba331a22a22225a03dcb9b4efb11ab32",
                "sha256:08a71b2c7226fd23a27b72c6fd735e22e016b1c33313ad8c7dc348547a134a71",
                "sha256:10fabc268e2dfee699f08119c2e40954aaa31dc9a63a23f4d269267da5b33e28",
                "sha256:1d1093ae2b826c437c5283360c21ec34e69278345a5647fad26a64320766074a",
                "sha256:1e5a50673105deea7242c37092b3783db3dd7b4a3c9b7c1ed7f1fba415bb059a",
                "sha256:259e3f3aae7e6737054d4ce147d3e7a56e5aa4e6a33e53270e71675ff0b5bb73",
                "sha256:2f850cc6fb512b28172399121c52a0423b352ffa6e8f95e1f3979255c664e9fe",
                "sha256:31262c4f13b067f68e86f244575e18a23a5dae2b6ebbaea3b287dde10f604071",
                "sha256:3598a85083c0d557a9a46986157a4ae905c034790903a0c6df25f9477b08e26c",
                "sha256:3f4f8f27f7dd0178e7580c7d604fca2378a2342001e926708dfff1bb23233630",
                "sha256:470f0eb60b0d8b0917ca5c7c2804e3c8f5b2eadaf34b801fc7272db74ec25a97",
                "sha256:4ec40476e74b921dc99ed204412fb9fe06d73c745830f05d3dc364b12132e865",
                "sha256:5a3e3cf5ab17653519dc53a696856a7f5be711bdd34af4daf3a2cfd2e571d6eb",
                "sha256:6b42fd06ff86fec3d621dd2b247fcd1f2f316bb2931826f7d7676ea240ec74bb",
                "sha256:6c81659aef6f63f4b3960b77196a0d8322f2c11819dc3f3362b2b3a4b839da20",
                "sha256:74f2c582fdca1ae2e04d43c967ccef50100191916970e1a80749dacfb58fd1f5",
                "sha256:9b074db20b5da9f0ca21ae2e1e6f6945187d2447a11e00a5baaf8d028bc6b3c2",
                "sha256:dfdefa7af5a89778c44246e8ce02e1d4ce8e11770c9d5959c90eca7061cb637b",
                "sha256:f5c93e4e144229fd238826c567964ac5a40fa73dc7148d4698e19fabcf2772ce"
            ],
            "markers": "python_version >= '3.6'",
            "version": "==1.8a3"
        },
        "six": {
            "hashes": [
                "sha256:1e61c37477a1626458e36f7b1d82aa5c9b094fa4802892072e49de9c60c4c926",
                "sha256:8abb2f1d86890a2dfb989f9a77cfcfd3e47c2a354b01111771326f8aa26e0254"
            ],
            "markers": "python_version >= '2.7' and python_version not in '3.0, 3.1, 3.2, 3.3'",
            "version": "==1.16.0"
        },
        "tqdm": {
            "hashes": [
                "sha256:80aead664e6c1672c4ae20dc50e1cdc5e20eeff9b14aa23ecd426375b28be588",
                "sha256:a4d6d112e507ef98513ac119ead1159d286deab17dffedd96921412c2d236ff5"
            ],
            "index": "pypi",
            "version": "==4.62.2"
        },
        "typing-extensions": {
            "hashes": [
                "sha256:0ac0f89795dd19de6b97debb0c6af1c70987fd80a2d62d1958f7e56fcc31b497",
                "sha256:50b6f157849174217d0656f99dc82fe932884fb250826c18350e159ec6cdf342",
                "sha256:779383f6086d90c99ae41cf0ff39aac8a7937a9283ce0a414e5dd782f4c94a84"
            ],
            "markers": "python_version < '3.8'",
            "version": "==3.10.0.0"
        },
        "uritemplate": {
            "hashes": [
                "sha256:07620c3f3f8eed1f12600845892b0e036a2420acf513c53f7de0abd911a5894f",
                "sha256:5af8ad10cec94f215e3f48112de2022e1d5a37ed427fbd88652fa908f2ab7cae"
            ],
            "markers": "python_version >= '2.7' and python_version not in '3.0, 3.1, 3.2, 3.3'",
            "version": "==3.0.1"
        },
        "urllib3": {
            "hashes": [
                "sha256:39fb8672126159acb139a7718dd10806104dec1e2f0f6c88aab05d17df10c8d4",
                "sha256:f57b4c16c62fa2760b7e3d97c35b255512fb6b59a259730f36ba32ce9f8e342f"
            ],
            "markers": "python_version >= '2.7' and python_version not in '3.0, 3.1, 3.2, 3.3, 3.4' and python_version < '4'",
            "version": "==1.26.6"
        },
        "zipp": {
            "hashes": [
                "sha256:957cfda87797e389580cb8b9e3870841ca991e2125350677b2ca83a0e99390a3",
                "sha256:f5812b1e007e48cff63449a5e9f4e7ebea716b4111f9c4f9a645f91d579bf0c4"
            ],
            "markers": "python_version >= '3.6'",
            "version": "==3.5.0"
        }
    },
    "develop": {
        "appdirs": {
            "hashes": [
                "sha256:7d5d0167b2b1ba821647616af46a749d1c653740dd0d2415100fe26e27afdf41",
                "sha256:a841dacd6b99318a741b166adb07e19ee71a274450e68237b4650ca1055ab128"
            ],
            "version": "==1.4.4"
        },
        "attrs": {
            "hashes": [
                "sha256:149e90d6d8ac20db7a955ad60cf0e6881a3f20d37096140088356da6c716b0b1",
                "sha256:ef6aaac3ca6cd92904cdd0d83f629a15f18053ec84e6432106f7a4d04ae4f5fb"
            ],
            "markers": "python_version >= '2.7' and python_version not in '3.0, 3.1, 3.2, 3.3, 3.4'",
            "version": "==21.2.0"
        },
        "black": {
            "hashes": [
                "sha256:1c7aa6ada8ee864db745b22790a32f94b2795c253a75d6d9b5e439ff10d23116",
                "sha256:c8373c6491de9362e39271630b65b964607bc5c79c83783547d76c839b3aa219"
            ],
            "index": "pypi",
            "version": "==21.7b0"
        },
        "click": {
            "hashes": [
                "sha256:8c04c11192119b1ef78ea049e0a6f0463e4c48ef00a30160c704337586f3ad7a",
                "sha256:fba402a4a47334742d782209a7c79bc448911afe1149d07bdabdf480b3e2f4b6"
            ],
            "markers": "python_version >= '3.6'",
            "version": "==8.0.1"
        },
        "coverage": {
            "hashes": [
                "sha256:16db4173575901db8f3e6cc05e50fe19c7849b0256f6dc2e0979485184053417",
                "sha256:18183948d5480e2ae30ad67edddf748149c778592b7e4ee649c058d5de2dcbb1",
                "sha256:22888d3ce1b6fa1125f0be1602d8c634e00e7ec3a87bdb594ad87bde0b00b2b6",
                "sha256:23c1611471cbfa2ac0e283862a76a333c13e5e7c4d499feb9919a5f52884610e",
                "sha256:2dcc6d62b69a82759e5dddd788e09dd329124e493e62d92cfd01c0b918d7e511",
                "sha256:40e30139113b141c238620b700aa5bd5c1b3a7b29ae47398936ff1c9166109d9",
                "sha256:4528368196a90f11b70fb5668c13d92e88ba795eb4d37aab5855fd0479db417b",
                "sha256:4cbdc51fc8c00ec6e53b30221d5757034aecf9839761bf97eaec0db7f0ff4955",
                "sha256:6a585ba4087cc1fb5bfe34d1ecaaee183b854427992be2b42f1722ba8289fa82",
                "sha256:79c136327e90ee46a2b3094263df94da5212890d6145678741eb805d79714971",
                "sha256:7beec4df7542cf681356ef243fee3bf948775fc0d125bdcad3508e834229e07d",
                "sha256:8394626a07e0a1b3695a16a4548d32e7259e00817d4bab1ef8172a1bd82a724e",
                "sha256:84a1000f622d1df8824cd1ac629aa8392679c5c4de3f0de9e6889373f99ff3a0",
                "sha256:91cd79f0f2996a4de737de89fdcbcd379a5bfd7b15129378ad1e5fc234e58d33",
                "sha256:951e8d7bc98bceb61fc4fb426966fae854160301c0f8cd0945c62f2504f68615",
                "sha256:95d2293d6a60da8952c675050231c02c9f4f1c1b9cf916315173e921d137d683",
                "sha256:9981294b131023e63061ba88f4498fe27b9b15d908079d1866ee66a63d6e793f",
                "sha256:a8826f6ecf079cb648534790ba59218a64e12a59bf2cd9ff00199abb39864a79",
                "sha256:c1630e847ae0a2a366f18ddc3e017b69f80d729e95830579c61b5f9e9b94b91e",
                "sha256:c6f46d5bbec8fe1ff25215356e819528a90d84b2801703514746b665742f1cd2",
                "sha256:c8099c7033fb1ca73ac2246c3e52f45dd6a9c3826c59b3b5ad94e5be4e08d99b",
                "sha256:ceb872b89c6461d4365be5f8fbf14f867be6b5217760980de7e014e54648f8ef",
                "sha256:d6fbe69d52628b3e8a144265fd134f5da07cf287a00cf529730ae10380d315b2",
                "sha256:da7de6e4162c69cc03cc56b7d051ae11147ac30872ff57df4ba4cac6d70ce5d9",
                "sha256:ddb2287f66500ac57b24cce60341074b148977b74cd20eca755f95262928086f",
                "sha256:e6a4260f0abf90c023b4f838905f645695b31666b76837152e2befad3d1ef5d6",
                "sha256:e97b387f2744762b9984639b59abd7abb46ea6ae2ea24cb7c07893612328559b",
                "sha256:ea784c96ca3b94912176d7adc9c4bb7d1988f36a0223a9ac128f4c834775202c",
                "sha256:f0b250a03891255feb3ae69ac29d05cf9a62f5869bb8bac0e7f4968e7274efac",
                "sha256:fdaa96733c9cf85491ad406fd78aa16025a1ea468951545b3da7ee133c150c7a"
            ],
            "markers": "python_version >= '3.6'",
            "version": "==6.0b1"
        },
        "dataclasses": {
            "hashes": [
                "sha256:0201d89fa866f68c8ebd9d08ee6ff50c0b255f8ec63a71c16fda7af82bb887bf",
                "sha256:8479067f342acf957dc82ec415d355ab5edb7e7646b90dc6e2fd1d96ad084c97"
            ],
            "markers": "python_version < '3.7'",
            "version": "==0.8"
        },
        "flake8": {
            "hashes": [
                "sha256:07528381786f2a6237b061f6e96610a4167b226cb926e2aa2b6b1d78057c576b",
                "sha256:bf8fd333346d844f616e8d47905ef3a3384edae6b4e9beb0c5101e25e3110907"
            ],
            "index": "pypi",
            "version": "==3.9.2"
        },
        "importlib-metadata": {
            "hashes": [
                "sha256:9e04bf59076a15a9b6dd9c27806e8fcdf15280ba529c6a8cc3f4d5b4875bdd61",
                "sha256:c4eb3dec5f697682e383a39701a7de11cd5c02daf8dd93534b69e3e6473f6b1b"
            ],
            "markers": "python_version < '3.8'",
            "version": "==4.7.1"
        },
        "iniconfig": {
            "hashes": [
                "sha256:011e24c64b7f47f6ebd835bb12a743f2fbe9a26d4cecaa7f53bc4f35ee9da8b3",
                "sha256:bc3af051d7d14b2ee5ef9969666def0cd1a000e121eaea580d4a313df4b37f32"
            ],
            "version": "==1.1.1"
        },
        "mccabe": {
            "hashes": [
                "sha256:ab8a6258860da4b6677da4bd2fe5dc2c659cff31b3ee4f7f5d64e79735b80d42",
                "sha256:dd8d182285a0fe56bace7f45b5e7d1a6ebcbf524e8f3bd87eb0f125271b8831f"
            ],
            "version": "==0.6.1"
        },
        "mypy-extensions": {
            "hashes": [
                "sha256:090fedd75945a69ae91ce1303b5824f428daf5a028d2f6ab8a299250a846f15d",
                "sha256:2d82818f5bb3e369420cb3c4060a7970edba416647068eb4c5343488a6c604a8"
            ],
            "version": "==0.4.3"
        },
        "packaging": {
            "hashes": [
                "sha256:7dc96269f53a4ccec5c0670940a4281106dd0bb343f47b7471f779df49c2fbe7",
                "sha256:c86254f9220d55e31cc94d69bade760f0847da8000def4dfe1c6b872fd14ff14"
            ],
            "markers": "python_version >= '3.6'",
            "version": "==21.0"
        },
        "pathspec": {
            "hashes": [
                "sha256:7d15c4ddb0b5c802d161efc417ec1a2558ea2653c2e8ad9c19098201dc1c993a",
                "sha256:e564499435a2673d586f6b2130bb5b95f04a3ba06f81b8f895b651a3c76aabb1"
            ],
            "version": "==0.9.0"
        },
        "pluggy": {
            "hashes": [
                "sha256:265a94bf44ca13662f12fcd1b074c14d4b269a712f051b6f644ef7e705d6735f",
                "sha256:467f0219e89bb5061a8429c6fc5cf055fa3983a0e68e84a1d205046306b37d9e"
            ],
            "markers": "python_version >= '2.7' and python_version not in '3.0, 3.1, 3.2, 3.3'",
            "version": "==1.0.0.dev0"
        },
        "py": {
            "hashes": [
                "sha256:21b81bda15b66ef5e1a777a21c4dcd9c20ad3efd0b3f817e7a809035269e1bd3",
                "sha256:3b80836aa6d1feeaa108e046da6423ab8f6ceda6468545ae8d02d9d58d18818a"
            ],
            "markers": "python_version >= '2.7' and python_version not in '3.0, 3.1, 3.2, 3.3'",
            "version": "==1.10.0"
        },
        "pycodestyle": {
            "hashes": [
                "sha256:514f76d918fcc0b55c6680472f0a37970994e07bbb80725808c17089be302068",
                "sha256:c389c1d06bf7904078ca03399a4816f974a1d590090fecea0c63ec26ebaf1cef"
            ],
            "markers": "python_version >= '2.7' and python_version not in '3.0, 3.1, 3.2, 3.3'",
            "version": "==2.7.0"
        },
        "pyflakes": {
            "hashes": [
                "sha256:7893783d01b8a89811dd72d7dfd4d84ff098e5eed95cfa8905b22bbffe52efc3",
                "sha256:f5bc8ecabc05bb9d291eb5203d6810b49040f6ff446a756326104746cc00c1db"
            ],
            "markers": "python_version >= '2.7' and python_version not in '3.0, 3.1, 3.2, 3.3'",
            "version": "==2.3.1"
        },
        "pyparsing": {
            "hashes": [
                "sha256:10f1886e70da7b76ca1b4cf9bbd60f708ef037892496d5cb7c77ab2982412b2d",
                "sha256:e96a96967098a5221a78bf94d72930cd1cfaf0ab88dae2ea6bfc2b8b8ccb1930"
            ],
            "markers": "python_version >= '3.5'",
            "version": "==3.0.0b3"
        },
        "pytest": {
            "hashes": [
                "sha256:50bcad0a0b9c5a72c8e4e7c9855a3ad496ca6a881a3641b4260605450772c54b",
                "sha256:91ef2131a9bd6be8f76f1f08eac5c5317221d6ad1e143ae03894b862e8976890"
            ],
            "index": "pypi",
            "version": "==6.2.4"
        },
        "pytest-cov": {
            "hashes": [
                "sha256:261bb9e47e65bd099c89c3edf92972865210c36813f80ede5277dceb77a4a62a",
                "sha256:261ceeb8c227b726249b376b8526b600f38667ee314f910353fa318caa01f4d7"
            ],
            "index": "pypi",
            "version": "==2.12.1"
        },
        "regex": {
            "hashes": [
                "sha256:0696eb934dee723e3292056a2c046ddb1e4dd3887685783a9f4af638e85dee76",
                "sha256:105122fa63da98d8456d5026bc6ac5a1399fd82fa6bad22c6ea641b1572c9142",
                "sha256:116c277774f84266044e889501fe79cfd293a8b4336b7a5e89b9f20f1e5a9f21",
                "sha256:12eaf0bbe568bd62e6cade7937e0bf01a2a4cef49a82f4fd204401e78409e158",
                "sha256:1401cfa4320691cbd91191ec678735c727dee674d0997b0902a5a38ad482faf5",
                "sha256:19acdb8831a4e3b03b23369db43178d8fee1f17b99c83af6cd907886f76bd9d4",
                "sha256:208851a2f8dd31e468f0b5aa6c94433975bd67a107a4e7da3bdda947c9f85e25",
                "sha256:24d68499a27b2d93831fde4a9b84ea5b19e0ab141425fbc9ab1e5b4dad179df7",
                "sha256:2778c6cb379d804e429cc8e627392909e60db5152b42c695c37ae5757aae50ae",
                "sha256:2a0a5e323cf86760784ce2b91d8ab5ea09d0865d6ef4da0151e03d15d097b24e",
                "sha256:2d9cbe0c755ab8b6f583169c0783f7278fc6b195e423b09c5a8da6f858025e96",
                "sha256:2de1429e4eeab799c168a4f6e6eecdf30fcaa389bba4039cc8a065d6b7aad647",
                "sha256:32753eda8d413ce4f208cfe01dd61171a78068a6f5d5f38ccd751e00585cdf1d",
                "sha256:3ee8ad16a35c45a5bab098e39020ecb6fec3b0e700a9d88983d35cbabcee79c8",
                "sha256:4f03fc0a25122cdcbf39136510d4ea7627f732206892db522adf510bc03b8c67",
                "sha256:4f3e36086d6631ceaf468503f96a3be0d247caef0660c9452fb1b0c055783851",
                "sha256:503c1ba0920a46a1844363725215ef44d59fcac2bd2c03ae3c59aa9d08d29bd6",
                "sha256:507861cf3d97a86fbe26ea6cc04660ae028b9e4080b8290e28b99547b4e15d89",
                "sha256:56ae6e3cf0506ec0c40b466e31f41ee7a7149a2b505ae0ee50edd9043b423d27",
                "sha256:6530b7b9505123cdea40a2301225183ca65f389bc6129f0c225b9b41680268d8",
                "sha256:6729914dd73483cd1c8aaace3ac082436fc98b0072743ac136eaea0b3811d42f",
                "sha256:7406dd2e44c7cfb4680c0a45a03264381802c67890cf506c147288f04c67177d",
                "sha256:7684016b73938ca12d160d2907d141f06b7597bd17d854e32bb7588be01afa1d",
                "sha256:7db58ad61f3f6ea393aaf124d774ee0c58806320bc85c06dc9480f5c7219c250",
                "sha256:83946ca9278b304728b637bc8d8200ab1663a79de85e47724594917aeed0e892",
                "sha256:84057cfae5676f456b03970eb78b7e182fddc80c2daafd83465a3d6ca9ff8dbf",
                "sha256:862b6164e9a38b5c495be2c2854e75fd8af12c5be4c61dc9b42d255980d7e907",
                "sha256:8ddb4f9ce6bb388ecc97b4b3eb37e786f05d7d5815e8822e0d87a3dbd7100649",
                "sha256:92eb03f47427fea452ff6956d11f5d5a3f22a048c90a0f34fa223e6badab6c85",
                "sha256:a5f3bc727fea58f21d99c22e6d4fca652dc11dbc2a1e7cfc4838cd53b2e3691f",
                "sha256:a6180dbf5945b27e9420e1b58c3cacfc79ad5278bdad3ea35109f5680fbe16d1",
                "sha256:b158f673ae6a6523f13704f70aa7e4ce875f91e379bece4362c89db18db189d5",
                "sha256:cd45b4542134de63e7b9dd653e0a2d7d47ffed9615e3637c27ca5f6b78ea68bb",
                "sha256:d2404336fd16788ea757d4218a2580de60adb052d9888031e765320be8884309",
                "sha256:db888d4fb33a2fd54b57ac55d5015e51fa849f0d8592bd799b4e47f83bd04e00",
                "sha256:dde0ac721c7c5bfa5f9fc285e811274dec3c392f2c1225f7d07ca98a8187ca84",
                "sha256:de0d06ccbc06af5bf93bddec10f4f80275c5d74ea6d28b456931f3955f58bc8c",
                "sha256:e02dad60e3e8442eefd28095e99b2ac98f2b8667167493ac6a2f3aadb5d84a17",
                "sha256:e960fe211496333b2f7e36badf4c22a919d740386681f79139ee346b403d1ca1",
                "sha256:e9700c52749cb3e90c98efd72b730c97b7e4962992fca5fbcaf1363be8e3b849",
                "sha256:ee318974a1fdacba1701bc9e552e9015788d6345416364af6fa987424ff8df53"
            ],
            "version": "==2021.8.27"
        },
        "toml": {
            "hashes": [
                "sha256:806143ae5bfb6a3c6e736a764057db0e6a0e05e338b5630894a5f779cabb4f9b",
                "sha256:b3bda1d108d5dd99f4a20d24d9c348e91c4db7ab1b749200bded2f839ccbe68f"
            ],
            "markers": "python_version >= '2.6' and python_version not in '3.0, 3.1, 3.2, 3.3'",
            "version": "==0.10.2"
        },
        "tomli": {
            "hashes": [
                "sha256:8dd0e9524d6f386271a36b41dbf6c57d8e32fd96fd22b6584679dc569d20899f",
                "sha256:a5b75cb6f3968abb47af1b40c1819dc519ea82bcc065776a866e8d74c5ca9442"
            ],
            "markers": "python_version >= '3.6'",
            "version": "==1.2.1"
        },
        "typed-ast": {
            "hashes": [
                "sha256:01ae5f73431d21eead5015997ab41afa53aa1fbe252f9da060be5dad2c730ace",
                "sha256:067a74454df670dcaa4e59349a2e5c81e567d8d65458d480a5b3dfecec08c5ff",
                "sha256:0fb71b8c643187d7492c1f8352f2c15b4c4af3f6338f21681d3681b3dc31a266",
                "sha256:1b3ead4a96c9101bef08f9f7d1217c096f31667617b58de957f690c92378b528",
                "sha256:2068531575a125b87a41802130fa7e29f26c09a2833fea68d9a40cf33902eba6",
                "sha256:209596a4ec71d990d71d5e0d312ac935d86930e6eecff6ccc7007fe54d703808",
                "sha256:2c726c276d09fc5c414693a2de063f521052d9ea7c240ce553316f70656c84d4",
                "sha256:398e44cd480f4d2b7ee8d98385ca104e35c81525dd98c519acff1b79bdaac363",
                "sha256:52b1eb8c83f178ab787f3a4283f68258525f8d70f778a2f6dd54d3b5e5fb4341",
                "sha256:5feca99c17af94057417d744607b82dd0a664fd5e4ca98061480fd8b14b18d04",
                "sha256:7538e495704e2ccda9b234b82423a4038f324f3a10c43bc088a1636180f11a41",
                "sha256:760ad187b1041a154f0e4d0f6aae3e40fdb51d6de16e5c99aedadd9246450e9e",
                "sha256:777a26c84bea6cd934422ac2e3b78863a37017618b6e5c08f92ef69853e765d3",
                "sha256:95431a26309a21874005845c21118c83991c63ea800dd44843e42a916aec5899",
                "sha256:9ad2c92ec681e02baf81fdfa056fe0d818645efa9af1f1cd5fd6f1bd2bdfd805",
                "sha256:9c6d1a54552b5330bc657b7ef0eae25d00ba7ffe85d9ea8ae6540d2197a3788c",
                "sha256:aee0c1256be6c07bd3e1263ff920c325b59849dc95392a05f258bb9b259cf39c",
                "sha256:af3d4a73793725138d6b334d9d247ce7e5f084d96284ed23f22ee626a7b88e39",
                "sha256:b36b4f3920103a25e1d5d024d155c504080959582b928e91cb608a65c3a49e1a",
                "sha256:b9574c6f03f685070d859e75c7f9eeca02d6933273b5e69572e5ff9d5e3931c3",
                "sha256:bff6ad71c81b3bba8fa35f0f1921fb24ff4476235a6e94a26ada2e54370e6da7",
                "sha256:c190f0899e9f9f8b6b7863debfb739abcb21a5c054f911ca3596d12b8a4c4c7f",
                "sha256:c907f561b1e83e93fad565bac5ba9c22d96a54e7ea0267c708bffe863cbe4075",
                "sha256:cae53c389825d3b46fb37538441f75d6aecc4174f615d048321b716df2757fb0",
                "sha256:dd4a21253f42b8d2b48410cb31fe501d32f8b9fbeb1f55063ad102fe9c425e40",
                "sha256:dde816ca9dac1d9c01dd504ea5967821606f02e510438120091b84e852367428",
                "sha256:f2362f3cb0f3172c42938946dbc5b7843c2a28aec307c49100c8b38764eb6927",
                "sha256:f328adcfebed9f11301eaedfa48e15bdece9b519fb27e6a8c01aa52a17ec31b3",
                "sha256:f8afcf15cc511ada719a88e013cec87c11aff7b91f019295eb4530f96fe5ef2f",
                "sha256:fb1bbeac803adea29cedd70781399c99138358c26d05fcbd23c13016b7f5ec65"
            ],
            "markers": "python_version < '3.8'",
            "version": "==1.4.3"
        },
        "typing-extensions": {
            "hashes": [
                "sha256:0ac0f89795dd19de6b97debb0c6af1c70987fd80a2d62d1958f7e56fcc31b497",
                "sha256:50b6f157849174217d0656f99dc82fe932884fb250826c18350e159ec6cdf342",
                "sha256:779383f6086d90c99ae41cf0ff39aac8a7937a9283ce0a414e5dd782f4c94a84"
            ],
            "markers": "python_version < '3.8'",
            "version": "==3.10.0.0"
        },
        "zipp": {
            "hashes": [
                "sha256:957cfda87797e389580cb8b9e3870841ca991e2125350677b2ca83a0e99390a3",
                "sha256:f5812b1e007e48cff63449a5e9f4e7ebea716b4111f9c4f9a645f91d579bf0c4"
            ],
            "markers": "python_version >= '3.6'",
            "version": "==3.5.0"
        }
    }
}
